{
    "version": 3,
    "terraform_version": "0.8.5",
    "serial": 8,
    "lineage": "542a265c-17c7-4c4a-8eda-c1dd855e938a",
    "modules": [
        {
            "path": [
                "root"
            ],
            "outputs": {},
            "resources": {
                "google_compute_autoscaler.riouxsyl17-autoscaler": {
                    "type": "google_compute_autoscaler",
                    "depends_on": [
                        "google_compute_instance_group_manager.riouxsyl17-grp-mgr"
                    ],
                    "primary": {
                        "id": "riouxsyl17-autoscaler",
                        "attributes": {
                            "autoscaling_policy.#": "1",
                            "autoscaling_policy.0.cooldown_period": "60",
                            "autoscaling_policy.0.cpu_utilization.#": "1",
                            "autoscaling_policy.0.cpu_utilization.0.target": "0.5",
                            "autoscaling_policy.0.load_balancing_utilization.#": "0",
                            "autoscaling_policy.0.max_replicas": "5",
                            "autoscaling_policy.0.metric.#": "0",
                            "autoscaling_policy.0.min_replicas": "2",
                            "description": "",
                            "id": "riouxsyl17-autoscaler",
                            "name": "riouxsyl17-autoscaler",
                            "self_link": "https://www.googleapis.com/compute/v1/projects/summer-memory-157921/zones/us-east1-b/autoscalers/riouxsyl17-autoscaler",
                            "target": "https://www.googleapis.com/compute/v1/projects/summer-memory-157921/zones/us-east1-b/instanceGroupManagers/riouxsyl17-grp-mgr",
                            "zone": "us-east1-b"
                        },
                        "meta": {},
                        "tainted": false
                    },
                    "deposed": [],
                    "provider": ""
                },
                "google_compute_instance.riouxsyl17-etcd1": {
                    "type": "google_compute_instance",
                    "depends_on": [
                        "google_compute_subnetwork.east1-riouxsyl17-backend"
                    ],
                    "primary": {
                        "id": "riouxsyl17-etcd1",
                        "attributes": {
                            "can_ip_forward": "false",
                            "create_timeout": "4",
                            "disk.#": "1",
                            "disk.0.auto_delete": "true",
                            "disk.0.device_name": "",
                            "disk.0.disk": "",
                            "disk.0.disk_encryption_key_raw": "",
                            "disk.0.disk_encryption_key_sha256": "",
                            "disk.0.image": "coreos-cloud/coreos-stable",
                            "disk.0.scratch": "false",
                            "disk.0.size": "0",
                            "disk.0.type": "",
                            "id": "riouxsyl17-etcd1",
                            "machine_type": "f1-micro",
                            "metadata.%": "0",
                            "metadata_fingerprint": "Qd2gsQN685A=",
                            "name": "riouxsyl17-etcd1",
                            "network.#": "0",
                            "network_interface.#": "1",
                            "network_interface.0.access_config.#": "1",
                            "network_interface.0.access_config.0.assigned_nat_ip": "104.196.174.92",
                            "network_interface.0.access_config.0.nat_ip": "",
                            "network_interface.0.address": "10.0.2.2",
                            "network_interface.0.name": "nic0",
                            "network_interface.0.network": "",
                            "network_interface.0.subnetwork": "east1-riouxsyl17-backend",
                            "network_interface.0.subnetwork_project": "",
                            "self_link": "https://www.googleapis.com/compute/v1/projects/summer-memory-157921/zones/us-east1-b/instances/riouxsyl17-etcd1",
                            "service_account.#": "0",
                            "tags_fingerprint": "42WmSpB8rSM=",
                            "zone": "us-east1-b"
                        },
                        "meta": {
                            "schema_version": "2"
                        },
                        "tainted": false
                    },
                    "deposed": [],
                    "provider": ""
                },
                "google_compute_instance.riouxsyl17-etcd2": {
                    "type": "google_compute_instance",
                    "depends_on": [
                        "google_compute_subnetwork.east1-riouxsyl17-backend"
                    ],
                    "primary": {
                        "id": "riouxsyl17-etcd2",
                        "attributes": {
                            "can_ip_forward": "false",
                            "create_timeout": "4",
                            "disk.#": "1",
                            "disk.0.auto_delete": "true",
                            "disk.0.device_name": "",
                            "disk.0.disk": "",
                            "disk.0.disk_encryption_key_raw": "",
                            "disk.0.disk_encryption_key_sha256": "",
                            "disk.0.image": "coreos-cloud/coreos-stable",
                            "disk.0.scratch": "false",
                            "disk.0.size": "0",
                            "disk.0.type": "",
                            "id": "riouxsyl17-etcd2",
                            "machine_type": "f1-micro",
                            "metadata.%": "0",
                            "metadata_fingerprint": "Qd2gsQN685A=",
                            "name": "riouxsyl17-etcd2",
                            "network.#": "0",
                            "network_interface.#": "1",
                            "network_interface.0.access_config.#": "1",
                            "network_interface.0.access_config.0.assigned_nat_ip": "104.196.195.249",
                            "network_interface.0.access_config.0.nat_ip": "",
                            "network_interface.0.address": "10.0.2.4",
                            "network_interface.0.name": "nic0",
                            "network_interface.0.network": "",
                            "network_interface.0.subnetwork": "east1-riouxsyl17-backend",
                            "network_interface.0.subnetwork_project": "",
                            "self_link": "https://www.googleapis.com/compute/v1/projects/summer-memory-157921/zones/us-east1-b/instances/riouxsyl17-etcd2",
                            "service_account.#": "0",
                            "tags_fingerprint": "42WmSpB8rSM=",
                            "zone": "us-east1-b"
                        },
                        "meta": {
                            "schema_version": "2"
                        },
                        "tainted": false
                    },
                    "deposed": [],
                    "provider": ""
                },
                "google_compute_instance.riouxsyl17-etcd3": {
                    "type": "google_compute_instance",
                    "depends_on": [
                        "google_compute_subnetwork.east1-riouxsyl17-backend"
                    ],
                    "primary": {
                        "id": "riouxsyl17-etcd3",
                        "attributes": {
                            "can_ip_forward": "false",
                            "create_timeout": "4",
                            "disk.#": "1",
                            "disk.0.auto_delete": "true",
                            "disk.0.device_name": "",
                            "disk.0.disk": "",
                            "disk.0.disk_encryption_key_raw": "",
                            "disk.0.disk_encryption_key_sha256": "",
                            "disk.0.image": "coreos-cloud/coreos-stable",
                            "disk.0.scratch": "false",
                            "disk.0.size": "0",
                            "disk.0.type": "",
                            "id": "riouxsyl17-etcd3",
                            "machine_type": "f1-micro",
                            "metadata.%": "0",
                            "metadata_fingerprint": "Qd2gsQN685A=",
                            "name": "riouxsyl17-etcd3",
                            "network.#": "0",
                            "network_interface.#": "1",
                            "network_interface.0.access_config.#": "1",
                            "network_interface.0.access_config.0.assigned_nat_ip": "104.196.153.212",
                            "network_interface.0.access_config.0.nat_ip": "",
                            "network_interface.0.address": "10.0.2.3",
                            "network_interface.0.name": "nic0",
                            "network_interface.0.network": "",
                            "network_interface.0.subnetwork": "east1-riouxsyl17-backend",
                            "network_interface.0.subnetwork_project": "",
                            "self_link": "https://www.googleapis.com/compute/v1/projects/summer-memory-157921/zones/us-east1-b/instances/riouxsyl17-etcd3",
                            "service_account.#": "0",
                            "tags_fingerprint": "42WmSpB8rSM=",
                            "zone": "us-east1-b"
                        },
                        "meta": {
                            "schema_version": "2"
                        },
                        "tainted": false
                    },
                    "deposed": [],
                    "provider": ""
                },
                "google_compute_instance.riouxsyl17-jumphost": {
                    "type": "google_compute_instance",
                    "depends_on": [
                        "google_compute_subnetwork.east1-riouxsyl17-public"
                    ],
                    "primary": {
                        "id": "riouxsyl17-jumphost",
                        "attributes": {
                            "can_ip_forward": "false",
                            "create_timeout": "4",
                            "disk.#": "1",
                            "disk.0.auto_delete": "true",
                            "disk.0.device_name": "",
                            "disk.0.disk": "",
                            "disk.0.disk_encryption_key_raw": "",
                            "disk.0.disk_encryption_key_sha256": "",
                            "disk.0.image": "debian-cloud/debian-8",
                            "disk.0.scratch": "false",
                            "disk.0.size": "0",
                            "disk.0.type": "",
                            "id": "riouxsyl17-jumphost",
                            "machine_type": "f1-micro",
                            "metadata.%": "0",
                            "metadata_fingerprint": "5aCezuoysSM=",
                            "metadata_startup_script": "apt-get -y install apache2 \u0026\u0026 systemctl start apache2",
                            "name": "riouxsyl17-jumphost",
                            "network.#": "0",
                            "network_interface.#": "1",
                            "network_interface.0.access_config.#": "1",
                            "network_interface.0.access_config.0.assigned_nat_ip": "35.185.37.231",
                            "network_interface.0.access_config.0.nat_ip": "",
                            "network_interface.0.address": "172.16.1.2",
                            "network_interface.0.name": "nic0",
                            "network_interface.0.network": "",
                            "network_interface.0.subnetwork": "east1-riouxsyl17-public",
                            "network_interface.0.subnetwork_project": "",
                            "self_link": "https://www.googleapis.com/compute/v1/projects/summer-memory-157921/zones/us-east1-b/instances/riouxsyl17-jumphost",
                            "service_account.#": "0",
                            "tags_fingerprint": "42WmSpB8rSM=",
                            "zone": "us-east1-b"
                        },
                        "meta": {
                            "schema_version": "2"
                        },
                        "tainted": false
                    },
                    "deposed": [],
                    "provider": ""
                },
                "google_compute_instance.riouxsyl17-master": {
                    "type": "google_compute_instance",
                    "depends_on": [
                        "google_compute_subnetwork.east1-riouxsyl17-workload"
                    ],
                    "primary": {
                        "id": "riouxsyl17-master",
                        "attributes": {
                            "can_ip_forward": "false",
                            "create_timeout": "4",
                            "disk.#": "1",
                            "disk.0.auto_delete": "true",
                            "disk.0.device_name": "",
                            "disk.0.disk": "",
                            "disk.0.disk_encryption_key_raw": "",
                            "disk.0.disk_encryption_key_sha256": "",
                            "disk.0.image": "coreos-cloud/coreos-stable",
                            "disk.0.scratch": "false",
                            "disk.0.size": "0",
                            "disk.0.type": "",
                            "id": "riouxsyl17-master",
                            "machine_type": "f1-micro",
                            "metadata.%": "0",
                            "metadata_fingerprint": "Qd2gsQN685A=",
                            "name": "riouxsyl17-master",
                            "network.#": "0",
                            "network_interface.#": "1",
                            "network_interface.0.access_config.#": "1",
                            "network_interface.0.access_config.0.assigned_nat_ip": "104.196.118.34",
                            "network_interface.0.access_config.0.nat_ip": "",
                            "network_interface.0.address": "10.0.1.2",
                            "network_interface.0.name": "nic0",
                            "network_interface.0.network": "",
                            "network_interface.0.subnetwork": "east1-riouxsyl17-workload",
                            "network_interface.0.subnetwork_project": "",
                            "self_link": "https://www.googleapis.com/compute/v1/projects/summer-memory-157921/zones/us-east1-b/instances/riouxsyl17-master",
                            "service_account.#": "0",
                            "tags_fingerprint": "42WmSpB8rSM=",
                            "zone": "us-east1-b"
                        },
                        "meta": {
                            "schema_version": "2"
                        },
                        "tainted": false
                    },
                    "deposed": [],
                    "provider": ""
                },
                "google_compute_instance_group_manager.riouxsyl17-grp-mgr": {
                    "type": "google_compute_instance_group_manager",
                    "depends_on": [
                        "google_compute_instance_template.riouxsyl17-template-worker"
                    ],
                    "primary": {
                        "id": "riouxsyl17-grp-mgr",
                        "attributes": {
                            "base_instance_name": "riouxsyl17-worker",
                            "description": "",
                            "fingerprint": "R1v8YgVd16M=",
                            "id": "riouxsyl17-grp-mgr",
                            "instance_group": "https://www.googleapis.com/compute/v1/projects/summer-memory-157921/zones/us-east1-b/instanceGroups/riouxsyl17-grp-mgr",
                            "instance_template": "https://www.googleapis.com/compute/v1/projects/summer-memory-157921/global/instanceTemplates/riouxsyl17-template-worker",
                            "name": "riouxsyl17-grp-mgr",
                            "named_port.#": "0",
                            "project": "summer-memory-157921",
                            "self_link": "https://www.googleapis.com/compute/v1/projects/summer-memory-157921/zones/us-east1-b/instanceGroupManagers/riouxsyl17-grp-mgr",
                            "target_pools.#": "0",
                            "target_size": "2",
                            "update_strategy": "RESTART",
                            "zone": "us-east1-b"
                        },
                        "meta": {},
                        "tainted": false
                    },
                    "deposed": [],
                    "provider": ""
                },
                "google_compute_instance_template.riouxsyl17-template-worker": {
                    "type": "google_compute_instance_template",
                    "depends_on": [
                        "google_compute_subnetwork.east1-riouxsyl17-workload"
                    ],
                    "primary": {
                        "id": "riouxsyl17-template-worker",
                        "attributes": {
                            "automatic_restart": "true",
                            "can_ip_forward": "false",
                            "description": "",
                            "disk.#": "1",
                            "disk.0.auto_delete": "true",
                            "disk.0.boot": "true",
                            "disk.0.device_name": "",
                            "disk.0.disk_name": "",
                            "disk.0.disk_size_gb": "0",
                            "disk.0.disk_type": "pd-standard",
                            "disk.0.interface": "SCSI",
                            "disk.0.mode": "READ_WRITE",
                            "disk.0.source": "",
                            "disk.0.source_image": "coreos-cloud/coreos-stable",
                            "disk.0.type": "PERSISTENT",
                            "id": "riouxsyl17-template-worker",
                            "instance_description": "",
                            "machine_type": "f1-micro",
                            "metadata.%": "0",
                            "metadata_fingerprint": "Qd2gsQN685A=",
                            "name": "riouxsyl17-template-worker",
                            "network_interface.#": "1",
                            "network_interface.0.access_config.#": "0",
                            "network_interface.0.network": "cr460",
                            "network_interface.0.subnetwork": "east1-riouxsyl17-workload",
                            "network_interface.0.subnetwork_project": "summer-memory-157921",
                            "project": "summer-memory-157921",
                            "region": "us-east1",
                            "scheduling.#": "1",
                            "scheduling.0.automatic_restart": "true",
                            "scheduling.0.on_host_maintenance": "MIGRATE",
                            "scheduling.0.preemptible": "false",
                            "self_link": "https://www.googleapis.com/compute/v1/projects/summer-memory-157921/global/instanceTemplates/riouxsyl17-template-worker"
                        },
                        "meta": {},
                        "tainted": false
                    },
                    "deposed": [],
                    "provider": ""
                },
                "google_compute_network.cr460": {
                    "type": "google_compute_network",
                    "depends_on": [],
                    "primary": {
                        "id": "cr460",
                        "attributes": {
                            "auto_create_subnetworks": "false",
                            "gateway_ipv4": "",
                            "id": "cr460",
                            "name": "cr460",
                            "self_link": "https://www.googleapis.com/compute/v1/projects/summer-memory-157921/global/networks/cr460"
                        },
                        "meta": {},
                        "tainted": false
                    },
                    "deposed": [],
                    "provider": ""
                },
                "google_compute_subnetwork.east1-riouxsyl17-backend": {
                    "type": "google_compute_subnetwork",
                    "depends_on": [
                        "google_compute_network.cr460"
                    ],
                    "primary": {
                        "id": "us-east1/east1-riouxsyl17-backend",
                        "attributes": {
                            "gateway_address": "10.0.2.1",
                            "id": "us-east1/east1-riouxsyl17-backend",
                            "ip_cidr_range": "10.0.2.0/24",
                            "name": "east1-riouxsyl17-backend",
                            "network": "https://www.googleapis.com/compute/v1/projects/summer-memory-157921/global/networks/cr460",
                            "region": "us-east1",
                            "self_link": "https://www.googleapis.com/compute/v1/projects/summer-memory-157921/regions/us-east1/subnetworks/east1-riouxsyl17-backend"
                        },
                        "meta": {},
                        "tainted": false
                    },
                    "deposed": [],
                    "provider": ""
                },
                "google_compute_subnetwork.east1-riouxsyl17-public": {
                    "type": "google_compute_subnetwork",
                    "depends_on": [
                        "google_compute_network.cr460"
                    ],
                    "primary": {
                        "id": "us-east1/east1-riouxsyl17-public",
                        "attributes": {
                            "gateway_address": "172.16.1.1",
                            "id": "us-east1/east1-riouxsyl17-public",
                            "ip_cidr_range": "172.16.1.0/24",
                            "name": "east1-riouxsyl17-public",
                            "network": "https://www.googleapis.com/compute/v1/projects/summer-memory-157921/global/networks/cr460",
                            "region": "us-east1",
                            "self_link": "https://www.googleapis.com/compute/v1/projects/summer-memory-157921/regions/us-east1/subnetworks/east1-riouxsyl17-public"
                        },
                        "meta": {},
                        "tainted": false
                    },
                    "deposed": [],
                    "provider": ""
                },
                "google_compute_subnetwork.east1-riouxsyl17-workload": {
                    "type": "google_compute_subnetwork",
                    "depends_on": [
                        "google_compute_network.cr460"
                    ],
                    "primary": {
                        "id": "us-east1/east1-riouxsyl17-workload",
                        "attributes": {
                            "gateway_address": "10.0.1.1",
                            "id": "us-east1/east1-riouxsyl17-workload",
                            "ip_cidr_range": "10.0.1.0/24",
                            "name": "east1-riouxsyl17-workload",
                            "network": "https://www.googleapis.com/compute/v1/projects/summer-memory-157921/global/networks/cr460",
                            "region": "us-east1",
                            "self_link": "https://www.googleapis.com/compute/v1/projects/summer-memory-157921/regions/us-east1/subnetworks/east1-riouxsyl17-workload"
                        },
                        "meta": {},
                        "tainted": false
                    },
                    "deposed": [],
                    "provider": ""
                }
            },
            "depends_on": []
        }
    ]
}
